
Microsoft Visual Studio Solution File, Format Version 12.00
# Visual Studio 15
VisualStudioVersion = 15.0.28010.2041
MinimumVisualStudioVersion = 10.0.40219.1
Project("{9A19103F-16F7-4668-BE54-9A1E7A4F7556}") = "mekg.DeviceSimulation.ConsoleApp", "mekg.DeviceSimulation.ConsoleApp\mekg.DeviceSimulation.ConsoleApp.csproj", "{78A0B7ED-4ECC-4F7F-967E-F2364D6865B0}"
EndProject
Project("{FAE04EC0-301F-11D3-BF4B-00C04F79EFBC}") = "mekg.DeviceSimulation", "mekg.DeviceSimulation\mekg.DeviceSimulation.csproj", "{39CFF85C-541B-445D-B4A6-6157D22B2FBC}"
EndProject
Global
	GlobalSection(SolutionConfigurationPlatforms) = preSolution
		Debug|Any CPU = Debug|Any CPU
		Release|Any CPU = Release|Any CPU
	EndGlobalSection
	GlobalSection(ProjectConfigurationPlatforms) = postSolution
		{78A0B7ED-4ECC-4F7F-967E-F2364D6865B0}.Debug|Any CPU.ActiveCfg = Debug|Any CPU
		{78A0B7ED-4ECC-4F7F-967E-F2364D6865B0}.Debug|Any CPU.Build.0 = Debug|Any CPU
		{78A0B7ED-4ECC-4F7F-967E-F2364D6865B0}.Release|Any CPU.ActiveCfg = Release|Any CPU
		{78A0B7ED-4ECC-4F7F-967E-F2364D6865B0}.Release|Any CPU.Build.0 = Release|Any CPU
		{39CFF85C-541B-445D-B4A6-6157D22B2FBC}.Debug|Any CPU.ActiveCfg = Debug|Any CPU
		{39CFF85C-541B-445D-B4A6-6157D22B2FBC}.Debug|Any CPU.Build.0 = Debug|Any CPU
		{39CFF85C-541B-445D-B4A6-6157D22B2FBC}.Release|Any CPU.ActiveCfg = Release|Any CPU
		{39CFF85C-541B-445D-B4A6-6157D22B2FBC}.Release|Any CPU.Build.0 = Release|Any CPU
	EndGlobalSection
	GlobalSection(SolutionProperties) = preSolution
		HideSolutionNode = FALSE
	EndGlobalSection
	GlobalSection(ExtensibilityGlobals) = postSolution
		SolutionGuid = {2D2DA69B-C9E6-43FF-A68A-6F3D1A7CE29A}
	EndGlobalSection
EndGlobal
